{
  "requires": true,
  "lockfileVersion": 1,
  "dependencies": {
    "@sweetalert2/themes": {
      "version": "5.0.5",
      "resolved": "https://registry.npmjs.org/@sweetalert2/themes/-/themes-5.0.5.tgz",
      "integrity": "sha512-RKkhS8v9ruVS1sV9fN4KopOEkZ3FhrZQ740Al3u19X0UEBpCFp87mN/FZmFPOFvpD7++wu9PuBhDigjiPj3ytw=="
    },
    "sweetalert2": {
      "version": "11.1.7",
      "resolved": "https://registry.npmjs.org/sweetalert2/-/sweetalert2-11.1.7.tgz",
      "integrity": "sha512-7MHQVtKCTORfA9e58g9ZOfT3X58DkSBtvoCQJnqSHobXXb5C7aB8Yg/tAccTFnefCUBU41PoStjXMkzG3bNeig=="
    }
  }
}
